// !$*UTF8*$!
{
	archiveVersion = 1;
	classes = {
	};
	objectVersion = 50;
	objects = {

/* Begin PBXBuildFile section */
		752FCB95244DA95C004DA87C /* AppDelegate.m in Sources */ = {isa = PBXBuildFile; fileRef = 752FCB94244DA95C004DA87C /* AppDelegate.m */; };
		752FCB98244DA95C004DA87C /* SceneDelegate.m in Sources */ = {isa = PBXBuildFile; fileRef = 752FCB97244DA95C004DA87C /* SceneDelegate.m */; };
		752FCB9B244DA95C004DA87C /* ViewController.m in Sources */ = {isa = PBXBuildFile; fileRef = 752FCB9A244DA95C004DA87C /* ViewController.m */; };
		752FCB9E244DA95C004DA87C /* Main.storyboard in Resources */ = {isa = PBXBuildFile; fileRef = 752FCB9C244DA95C004DA87C /* Main.storyboard */; };
		752FCBA0244DA95D004DA87C /* Assets.xcassets in Resources */ = {isa = PBXBuildFile; fileRef = 752FCB9F244DA95D004DA87C /* Assets.xcassets */; };
		752FCBA3244DA95D004DA87C /* LaunchScreen.storyboard in Resources */ = {isa = PBXBuildFile; fileRef = 752FCBA1244DA95D004DA87C /* LaunchScreen.storyboard */; };
		752FCBA6244DA95D004DA87C /* main.m in Sources */ = {isa = PBXBuildFile; fileRef = 752FCBA5244DA95D004DA87C /* main.m */; };
		752FCBB0244DA95E004DA87C /* StopWatch_Objective_CTests.m in Sources */ = {isa = PBXBuildFile; fileRef = 752FCBAF244DA95E004DA87C /* StopWatch_Objective_CTests.m */; };
		754181D5244DECDE0048755C /* StopWatchViewController.m in Sources */ = {isa = PBXBuildFile; fileRef = 754181D3244DECDE0048755C /* StopWatchViewController.m */; };
		754181D6244DECDE0048755C /* StopWatchViewController.xib in Resources */ = {isa = PBXBuildFile; fileRef = 754181D4244DECDE0048755C /* StopWatchViewController.xib */; };
		754181D9244DECF40048755C /* StopWatchCoordinator.m in Sources */ = {isa = PBXBuildFile; fileRef = 754181D8244DECF40048755C /* StopWatchCoordinator.m */; };
		754181DC244DEE4F0048755C /* AppCoordinator.m in Sources */ = {isa = PBXBuildFile; fileRef = 754181DB244DEE4F0048755C /* AppCoordinator.m */; };
		754181DF244DF1350048755C /* StopWatchViewModel.m in Sources */ = {isa = PBXBuildFile; fileRef = 754181DE244DF1350048755C /* StopWatchViewModel.m */; };
		754181EC244E06590048755C /* ViewModuleFactory.m in Sources */ = {isa = PBXBuildFile; fileRef = 754181EB244E06590048755C /* ViewModuleFactory.m */; };
		75A995D9244DB33000B0B620 /* DispatchSourceTimer.m in Sources */ = {isa = PBXBuildFile; fileRef = 75A995D8244DB33000B0B620 /* DispatchSourceTimer.m */; };
		75A995DC244DBB0500B0B620 /* DispatchSourceTimerTests.m in Sources */ = {isa = PBXBuildFile; fileRef = 75A995DB244DBB0500B0B620 /* DispatchSourceTimerTests.m */; };
		75A995DD244DBB7C00B0B620 /* DispatchSourceTimer.m in Sources */ = {isa = PBXBuildFile; fileRef = 75A995D8244DB33000B0B620 /* DispatchSourceTimer.m */; };
/* End PBXBuildFile section */

/* Begin PBXContainerItemProxy section */
		752FCBAC244DA95E004DA87C /* PBXContainerItemProxy */ = {
			isa = PBXContainerItemProxy;
			containerPortal = 752FCB88244DA95C004DA87C /* Project object */;
			proxyType = 1;
			remoteGlobalIDString = 752FCB8F244DA95C004DA87C;
			remoteInfo = "StopWatch-Objective-C";
		};
/* End PBXContainerItemProxy section */

/* Begin PBXFileReference section */
		752FCB90244DA95C004DA87C /* StopWatch-Objective-C.app */ = {isa = PBXFileReference; explicitFileType = wrapper.application; includeInIndex = 0; path = "StopWatch-Objective-C.app"; sourceTree = BUILT_PRODUCTS_DIR; };
		752FCB93244DA95C004DA87C /* AppDelegate.h */ = {isa = PBXFileReference; lastKnownFileType = sourcecode.c.h; path = AppDelegate.h; sourceTree = "<group>"; };
		752FCB94244DA95C004DA87C /* AppDelegate.m */ = {isa = PBXFileReference; lastKnownFileType = sourcecode.c.objc; path = AppDelegate.m; sourceTree = "<group>"; };
		752FCB96244DA95C004DA87C /* SceneDelegate.h */ = {isa = PBXFileReference; lastKnownFileType = sourcecode.c.h; path = SceneDelegate.h; sourceTree = "<group>"; };
		752FCB97244DA95C004DA87C /* SceneDelegate.m */ = {isa = PBXFileReference; lastKnownFileType = sourcecode.c.objc; path = SceneDelegate.m; sourceTree = "<group>"; };
		752FCB99244DA95C004DA87C /* ViewController.h */ = {isa = PBXFileReference; lastKnownFileType = sourcecode.c.h; path = ViewController.h; sourceTree = "<group>"; };
		752FCB9A244DA95C004DA87C /* ViewController.m */ = {isa = PBXFileReference; lastKnownFileType = sourcecode.c.objc; path = ViewController.m; sourceTree = "<group>"; };
		752FCB9D244DA95C004DA87C /* Base */ = {isa = PBXFileReference; lastKnownFileType = file.storyboard; name = Base; path = Base.lproj/Main.storyboard; sourceTree = "<group>"; };
		752FCB9F244DA95D004DA87C /* Assets.xcassets */ = {isa = PBXFileReference; lastKnownFileType = folder.assetcatalog; path = Assets.xcassets; sourceTree = "<group>"; };
		752FCBA2244DA95D004DA87C /* Base */ = {isa = PBXFileReference; lastKnownFileType = file.storyboard; name = Base; path = Base.lproj/LaunchScreen.storyboard; sourceTree = "<group>"; };
		752FCBA4244DA95D004DA87C /* Info.plist */ = {isa = PBXFileReference; lastKnownFileType = text.plist.xml; path = Info.plist; sourceTree = "<group>"; };
		752FCBA5244DA95D004DA87C /* main.m */ = {isa = PBXFileReference; lastKnownFileType = sourcecode.c.objc; path = main.m; sourceTree = "<group>"; };
		752FCBAB244DA95E004DA87C /* StopWatch-Objective-CTests.xctest */ = {isa = PBXFileReference; explicitFileType = wrapper.cfbundle; includeInIndex = 0; path = "StopWatch-Objective-CTests.xctest"; sourceTree = BUILT_PRODUCTS_DIR; };
		752FCBAF244DA95E004DA87C /* StopWatch_Objective_CTests.m */ = {isa = PBXFileReference; lastKnownFileType = sourcecode.c.objc; path = StopWatch_Objective_CTests.m; sourceTree = "<group>"; };
		752FCBB1244DA95E004DA87C /* Info.plist */ = {isa = PBXFileReference; lastKnownFileType = text.plist.xml; path = Info.plist; sourceTree = "<group>"; };
		754181CF244DEAF80048755C /* Coordinating.h */ = {isa = PBXFileReference; lastKnownFileType = sourcecode.c.h; path = Coordinating.h; sourceTree = "<group>"; };
		754181D2244DECDE0048755C /* StopWatchViewController.h */ = {isa = PBXFileReference; lastKnownFileType = sourcecode.c.h; path = StopWatchViewController.h; sourceTree = "<group>"; };
		754181D3244DECDE0048755C /* StopWatchViewController.m */ = {isa = PBXFileReference; lastKnownFileType = sourcecode.c.objc; path = StopWatchViewController.m; sourceTree = "<group>"; };
		754181D4244DECDE0048755C /* StopWatchViewController.xib */ = {isa = PBXFileReference; lastKnownFileType = file.xib; path = StopWatchViewController.xib; sourceTree = "<group>"; };
		754181D7244DECF40048755C /* StopWatchCoordinator.h */ = {isa = PBXFileReference; lastKnownFileType = sourcecode.c.h; path = StopWatchCoordinator.h; sourceTree = "<group>"; };
		754181D8244DECF40048755C /* StopWatchCoordinator.m */ = {isa = PBXFileReference; lastKnownFileType = sourcecode.c.objc; path = StopWatchCoordinator.m; sourceTree = "<group>"; };
		754181DA244DEE4F0048755C /* AppCoordinator.h */ = {isa = PBXFileReference; lastKnownFileType = sourcecode.c.h; path = AppCoordinator.h; sourceTree = "<group>"; };
		754181DB244DEE4F0048755C /* AppCoordinator.m */ = {isa = PBXFileReference; lastKnownFileType = sourcecode.c.objc; path = AppCoordinator.m; sourceTree = "<group>"; };
		754181DD244DF1350048755C /* StopWatchViewModel.h */ = {isa = PBXFileReference; lastKnownFileType = sourcecode.c.h; path = StopWatchViewModel.h; sourceTree = "<group>"; };
		754181DE244DF1350048755C /* StopWatchViewModel.m */ = {isa = PBXFileReference; lastKnownFileType = sourcecode.c.objc; path = StopWatchViewModel.m; sourceTree = "<group>"; };
		754181E6244DFF820048755C /* StopWatchConstants.h */ = {isa = PBXFileReference; lastKnownFileType = sourcecode.c.h; path = StopWatchConstants.h; sourceTree = "<group>"; };
		754181E8244DFFFF0048755C /* StateMachineConstants.h */ = {isa = PBXFileReference; lastKnownFileType = sourcecode.c.h; path = StateMachineConstants.h; sourceTree = "<group>"; };
		754181EA244E06590048755C /* ViewModuleFactory.h */ = {isa = PBXFileReference; lastKnownFileType = sourcecode.c.h; path = ViewModuleFactory.h; sourceTree = "<group>"; };
		754181EB244E06590048755C /* ViewModuleFactory.m */ = {isa = PBXFileReference; lastKnownFileType = sourcecode.c.objc; path = ViewModuleFactory.m; sourceTree = "<group>"; };
		754181ED244E067A0048755C /* ViewModuleHeaders.h */ = {isa = PBXFileReference; lastKnownFileType = sourcecode.c.h; path = ViewModuleHeaders.h; sourceTree = "<group>"; };
		75A995D7244DB33000B0B620 /* DispatchSourceTimer.h */ = {isa = PBXFileReference; lastKnownFileType = sourcecode.c.h; path = DispatchSourceTimer.h; sourceTree = "<group>"; };
		75A995D8244DB33000B0B620 /* DispatchSourceTimer.m */ = {isa = PBXFileReference; lastKnownFileType = sourcecode.c.objc; path = DispatchSourceTimer.m; sourceTree = "<group>"; };
		75A995DB244DBB0500B0B620 /* DispatchSourceTimerTests.m */ = {isa = PBXFileReference; lastKnownFileType = sourcecode.c.objc; path = DispatchSourceTimerTests.m; sourceTree = "<group>"; };
/* End PBXFileReference section */

/* Begin PBXFrameworksBuildPhase section */
		752FCB8D244DA95C004DA87C /* Frameworks */ = {
			isa = PBXFrameworksBuildPhase;
			buildActionMask = 2147483647;
			files = (
			);
			runOnlyForDeploymentPostprocessing = 0;
		};
		752FCBA8244DA95E004DA87C /* Frameworks */ = {
			isa = PBXFrameworksBuildPhase;
			buildActionMask = 2147483647;
			files = (
			);
			runOnlyForDeploymentPostprocessing = 0;
		};
/* End PBXFrameworksBuildPhase section */

/* Begin PBXGroup section */
		752FCB87244DA95C004DA87C = {
			isa = PBXGroup;
			children = (
				752FCB92244DA95C004DA87C /* StopWatch-Objective-C */,
				752FCBAE244DA95E004DA87C /* StopWatch-Objective-CTests */,
				752FCB91244DA95C004DA87C /* Products */,
			);
			sourceTree = "<group>";
		};
		752FCB91244DA95C004DA87C /* Products */ = {
			isa = PBXGroup;
			children = (
				752FCB90244DA95C004DA87C /* StopWatch-Objective-C.app */,
				752FCBAB244DA95E004DA87C /* StopWatch-Objective-CTests.xctest */,
			);
			name = Products;
			sourceTree = "<group>";
		};
		752FCB92244DA95C004DA87C /* StopWatch-Objective-C */ = {
			isa = PBXGroup;
			children = (
				75A995D1244DB16E00B0B620 /* Sources */,
				75A995D0244DB16500B0B620 /* Resources */,
				752FCB9F244DA95D004DA87C /* Assets.xcassets */,
				752FCBA1244DA95D004DA87C /* LaunchScreen.storyboard */,
				752FCBA4244DA95D004DA87C /* Info.plist */,
				752FCBA5244DA95D004DA87C /* main.m */,
			);
			path = "StopWatch-Objective-C";
			sourceTree = "<group>";
		};
		752FCBAE244DA95E004DA87C /* StopWatch-Objective-CTests */ = {
			isa = PBXGroup;
			children = (
				75A995DA244DBAE300B0B620 /* Classes */,
				752FCBAF244DA95E004DA87C /* StopWatch_Objective_CTests.m */,
				752FCBB1244DA95E004DA87C /* Info.plist */,
			);
			path = "StopWatch-Objective-CTests";
			sourceTree = "<group>";
		};
		754181CD244DE96B0048755C /* DispatchSourceTimer */ = {
			isa = PBXGroup;
			children = (
				75A995D7244DB33000B0B620 /* DispatchSourceTimer.h */,
				75A995D8244DB33000B0B620 /* DispatchSourceTimer.m */,
			);
			path = DispatchSourceTimer;
			sourceTree = "<group>";
		};
		754181CE244DEAE80048755C /* Protocols */ = {
			isa = PBXGroup;
			children = (
				754181CF244DEAF80048755C /* Coordinating.h */,
			);
			path = Protocols;
			sourceTree = "<group>";
		};
		754181D1244DECC10048755C /* StopWatch */ = {
			isa = PBXGroup;
			children = (
				754181E6244DFF820048755C /* StopWatchConstants.h */,
				754181D7244DECF40048755C /* StopWatchCoordinator.h */,
				754181D8244DECF40048755C /* StopWatchCoordinator.m */,
				754181E5244DFF3D0048755C /* StopWatchView */,
			);
			path = StopWatch;
			sourceTree = "<group>";
		};
		754181E5244DFF3D0048755C /* StopWatchView */ = {
			isa = PBXGroup;
			children = (
				754181DD244DF1350048755C /* StopWatchViewModel.h */,
				754181DE244DF1350048755C /* StopWatchViewModel.m */,
				754181D2244DECDE0048755C /* StopWatchViewController.h */,
				754181D3244DECDE0048755C /* StopWatchViewController.m */,
				754181D4244DECDE0048755C /* StopWatchViewController.xib */,
			);
			path = StopWatchView;
			sourceTree = "<group>";
		};
		754181E7244DFFE20048755C /* Constants */ = {
			isa = PBXGroup;
			children = (
				754181E8244DFFFF0048755C /* StateMachineConstants.h */,
			);
			path = Constants;
			sourceTree = "<group>";
		};
		754181E9244E06470048755C /* Factories */ = {
			isa = PBXGroup;
			children = (
				754181EA244E06590048755C /* ViewModuleFactory.h */,
				754181EB244E06590048755C /* ViewModuleFactory.m */,
				754181ED244E067A0048755C /* ViewModuleHeaders.h */,
			);
			path = Factories;
			sourceTree = "<group>";
		};
		75A995D0244DB16500B0B620 /* Resources */ = {
			isa = PBXGroup;
			children = (
			);
			path = Resources;
			sourceTree = "<group>";
		};
		75A995D1244DB16E00B0B620 /* Sources */ = {
			isa = PBXGroup;
			children = (
				754181E9244E06470048755C /* Factories */,
				754181E7244DFFE20048755C /* Constants */,
				754181CE244DEAE80048755C /* Protocols */,
				75A995D6244DB30100B0B620 /* Classes */,
				75A995D3244DB19000B0B620 /* Views */,
				75A995D2244DB17500B0B620 /* AppAndSceneDelegate */,
			);
			path = Sources;
			sourceTree = "<group>";
		};
		75A995D2244DB17500B0B620 /* AppAndSceneDelegate */ = {
			isa = PBXGroup;
			children = (
				752FCB93244DA95C004DA87C /* AppDelegate.h */,
				752FCB94244DA95C004DA87C /* AppDelegate.m */,
				752FCB96244DA95C004DA87C /* SceneDelegate.h */,
				752FCB97244DA95C004DA87C /* SceneDelegate.m */,
				754181DA244DEE4F0048755C /* AppCoordinator.h */,
				754181DB244DEE4F0048755C /* AppCoordinator.m */,
			);
			path = AppAndSceneDelegate;
			sourceTree = "<group>";
		};
		75A995D3244DB19000B0B620 /* Views */ = {
			isa = PBXGroup;
			children = (
				754181D1244DECC10048755C /* StopWatch */,
				75A995D4244DB19500B0B620 /* Default */,
			);
			path = Views;
			sourceTree = "<group>";
		};
		75A995D4244DB19500B0B620 /* Default */ = {
			isa = PBXGroup;
			children = (
				752FCB99244DA95C004DA87C /* ViewController.h */,
				752FCB9A244DA95C004DA87C /* ViewController.m */,
				752FCB9C244DA95C004DA87C /* Main.storyboard */,
			);
			path = Default;
			sourceTree = "<group>";
		};
		75A995D6244DB30100B0B620 /* Classes */ = {
			isa = PBXGroup;
			children = (
				754181CD244DE96B0048755C /* DispatchSourceTimer */,
			);
			path = Classes;
			sourceTree = "<group>";
		};
		75A995DA244DBAE300B0B620 /* Classes */ = {
			isa = PBXGroup;
			children = (
				75A995DB244DBB0500B0B620 /* DispatchSourceTimerTests.m */,
			);
			path = Classes;
			sourceTree = "<group>";
		};
/* End PBXGroup section */

/* Begin PBXNativeTarget section */
		752FCB8F244DA95C004DA87C /* StopWatch-Objective-C */ = {
			isa = PBXNativeTarget;
			buildConfigurationList = 752FCBB4244DA95E004DA87C /* Build configuration list for PBXNativeTarget "StopWatch-Objective-C" */;
			buildPhases = (
				752FCB8C244DA95C004DA87C /* Sources */,
				752FCB8D244DA95C004DA87C /* Frameworks */,
				752FCB8E244DA95C004DA87C /* Resources */,
			);
			buildRules = (
			);
			dependencies = (
			);
			name = "StopWatch-Objective-C";
			productName = "StopWatch-Objective-C";
			productReference = 752FCB90244DA95C004DA87C /* StopWatch-Objective-C.app */;
			productType = "com.apple.product-type.application";
		};
		752FCBAA244DA95E004DA87C /* StopWatch-Objective-CTests */ = {
			isa = PBXNativeTarget;
			buildConfigurationList = 752FCBB7244DA95E004DA87C /* Build configuration list for PBXNativeTarget "StopWatch-Objective-CTests" */;
			buildPhases = (
				752FCBA7244DA95E004DA87C /* Sources */,
				752FCBA8244DA95E004DA87C /* Frameworks */,
				752FCBA9244DA95E004DA87C /* Resources */,
			);
			buildRules = (
			);
			dependencies = (
				752FCBAD244DA95E004DA87C /* PBXTargetDependency */,
			);
			name = "StopWatch-Objective-CTests";
			productName = "StopWatch-Objective-CTests";
			productReference = 752FCBAB244DA95E004DA87C /* StopWatch-Objective-CTests.xctest */;
			productType = "com.apple.product-type.bundle.unit-test";
		};
/* End PBXNativeTarget section */

/* Begin PBXProject section */
		752FCB88244DA95C004DA87C /* Project object */ = {
			isa = PBXProject;
			attributes = {
				LastUpgradeCheck = 1140;
				ORGANIZATIONNAME = "Ginés Sanchez";
				TargetAttributes = {
					752FCB8F244DA95C004DA87C = {
						CreatedOnToolsVersion = 11.4.1;
					};
					752FCBAA244DA95E004DA87C = {
						CreatedOnToolsVersion = 11.4.1;
						TestTargetID = 752FCB8F244DA95C004DA87C;
					};
				};
			};
			buildConfigurationList = 752FCB8B244DA95C004DA87C /* Build configuration list for PBXProject "StopWatch-Objective-C" */;
			compatibilityVersion = "Xcode 9.3";
			developmentRegion = en;
			hasScannedForEncodings = 0;
			knownRegions = (
				en,
				Base,
			);
			mainGroup = 752FCB87244DA95C004DA87C;
			productRefGroup = 752FCB91244DA95C004DA87C /* Products */;
			projectDirPath = "";
			projectRoot = "";
			targets = (
				752FCB8F244DA95C004DA87C /* StopWatch-Objective-C */,
				752FCBAA244DA95E004DA87C /* StopWatch-Objective-CTests */,
			);
		};
/* End PBXProject section */

/* Begin PBXResourcesBuildPhase section */
		752FCB8E244DA95C004DA87C /* Resources */ = {
			isa = PBXResourcesBuildPhase;
			buildActionMask = 2147483647;
			files = (
				754181D6244DECDE0048755C /* StopWatchViewController.xib in Resources */,
				752FCBA3244DA95D004DA87C /* LaunchScreen.storyboard in Resources */,
				752FCBA0244DA95D004DA87C /* Assets.xcassets in Resources */,
				752FCB9E244DA95C004DA87C /* Main.storyboard in Resources */,
			);
			runOnlyForDeploymentPostprocessing = 0;
		};
		752FCBA9244DA95E004DA87C /* Resources */ = {
			isa = PBXResourcesBuildPhase;
			buildActionMask = 2147483647;
			files = (
			);
			runOnlyForDeploymentPostprocessing = 0;
		};
/* End PBXResourcesBuildPhase section */

/* Begin PBXSourcesBuildPhase section */
		752FCB8C244DA95C004DA87C /* Sources */ = {
			isa = PBXSourcesBuildPhase;
			buildActionMask = 2147483647;
			files = (
				754181DC244DEE4F0048755C /* AppCoordinator.m in Sources */,
				754181DF244DF1350048755C /* StopWatchViewModel.m in Sources */,
				752FCB9B244DA95C004DA87C /* ViewController.m in Sources */,
				754181EC244E06590048755C /* ViewModuleFactory.m in Sources */,
				752FCB95244DA95C004DA87C /* AppDelegate.m in Sources */,
				752FCBA6244DA95D004DA87C /* main.m in Sources */,
				75A995D9244DB33000B0B620 /* DispatchSourceTimer.m in Sources */,
				754181D9244DECF40048755C /* StopWatchCoordinator.m in Sources */,
				754181D5244DECDE0048755C /* StopWatchViewController.m in Sources */,
				752FCB98244DA95C004DA87C /* SceneDelegate.m in Sources */,
			);
			runOnlyForDeploymentPostprocessing = 0;
		};
		752FCBA7244DA95E004DA87C /* Sources */ = {
			isa = PBXSourcesBuildPhase;
			buildActionMask = 2147483647;
			files = (
				75A995DD244DBB7C00B0B620 /* DispatchSourceTimer.m in Sources */,
				75A995DC244DBB0500B0B620 /* DispatchSourceTimerTests.m in Sources */,
				752FCBB0244DA95E004DA87C /* StopWatch_Objective_CTests.m in Sources */,
			);
			runOnlyForDeploymentPostprocessing = 0;
		};
/* End PBXSourcesBuildPhase section */

/* Begin PBXTargetDependency section */
		752FCBAD244DA95E004DA87C /* PBXTargetDependency */ = {
			isa = PBXTargetDependency;
			target = 752FCB8F244DA95C004DA87C /* StopWatch-Objective-C */;
			targetProxy = 752FCBAC244DA95E004DA87C /* PBXContainerItemProxy */;
		};
/* End PBXTargetDependency section */

/* Begin PBXVariantGroup section */
		752FCB9C244DA95C004DA87C /* Main.storyboard */ = {
			isa = PBXVariantGroup;
			children = (
				752FCB9D244DA95C004DA87C /* Base */,
			);
			name = Main.storyboard;
			sourceTree = "<group>";
		};
		752FCBA1244DA95D004DA87C /* LaunchScreen.storyboard */ = {
			isa = PBXVariantGroup;
			children = (
				752FCBA2244DA95D004DA87C /* Base */,
			);
			name = LaunchScreen.storyboard;
			sourceTree = "<group>";
		};
/* End PBXVariantGroup section */

/* Begin XCBuildConfiguration section */
		752FCBB2244DA95E004DA87C /* Debug */ = {
			isa = XCBuildConfiguration;
			buildSettings = {
				ALWAYS_SEARCH_USER_PATHS = NO;
				CLANG_ANALYZER_NONNULL = YES;
				CLANG_ANALYZER_NUMBER_OBJECT_CONVERSION = YES_AGGRESSIVE;
				CLANG_CXX_LANGUAGE_STANDARD = "gnu++14";
				CLANG_CXX_LIBRARY = "libc++";
				CLANG_ENABLE_MODULES = YES;
				CLANG_ENABLE_OBJC_ARC = YES;
				CLANG_ENABLE_OBJC_WEAK = YES;
				CLANG_WARN_BLOCK_CAPTURE_AUTORELEASING = YES;
				CLANG_WARN_BOOL_CONVERSION = YES;
				CLANG_WARN_COMMA = YES;
				CLANG_WARN_CONSTANT_CONVERSION = YES;
				CLANG_WARN_DEPRECATED_OBJC_IMPLEMENTATIONS = YES;
				CLANG_WARN_DIRECT_OBJC_ISA_USAGE = YES_ERROR;
				CLANG_WARN_DOCUMENTATION_COMMENTS = YES;
				CLANG_WARN_EMPTY_BODY = YES;
				CLANG_WARN_ENUM_CONVERSION = YES;
				CLANG_WARN_INFINITE_RECURSION = YES;
				CLANG_WARN_INT_CONVERSION = YES;
				CLANG_WARN_NON_LITERAL_NULL_CONVERSION = YES;
				CLANG_WARN_OBJC_IMPLICIT_RETAIN_SELF = YES;
				CLANG_WARN_OBJC_LITERAL_CONVERSION = YES;
				CLANG_WARN_OBJC_ROOT_CLASS = YES_ERROR;
				CLANG_WARN_RANGE_LOOP_ANALYSIS = YES;
				CLANG_WARN_STRICT_PROTOTYPES = YES;
				CLANG_WARN_SUSPICIOUS_MOVE = YES;
				CLANG_WARN_UNGUARDED_AVAILABILITY = YES_AGGRESSIVE;
				CLANG_WARN_UNREACHABLE_CODE = YES;
				CLANG_WARN__DUPLICATE_METHOD_MATCH = YES;
				COPY_PHASE_STRIP = NO;
				DEBUG_INFORMATION_FORMAT = dwarf;
				ENABLE_STRICT_OBJC_MSGSEND = YES;
				ENABLE_TESTABILITY = YES;
				GCC_C_LANGUAGE_STANDARD = gnu11;
				GCC_DYNAMIC_NO_PIC = NO;
				GCC_NO_COMMON_BLOCKS = YES;
				GCC_OPTIMIZATION_LEVEL = 0;
				GCC_PREPROCESSOR_DEFINITIONS = (
					"DEBUG=1",
					"$(inherited)",
				);
				GCC_WARN_64_TO_32_BIT_CONVERSION = YES;
				GCC_WARN_ABOUT_RETURN_TYPE = YES_ERROR;
				GCC_WARN_UNDECLARED_SELECTOR = YES;
				GCC_WARN_UNINITIALIZED_AUTOS = YES_AGGRESSIVE;
				GCC_WARN_UNUSED_FUNCTION = YES;
				GCC_WARN_UNUSED_VARIABLE = YES;
				IPHONEOS_DEPLOYMENT_TARGET = 13.4;
				MTL_ENABLE_DEBUG_INFO = INCLUDE_SOURCE;
				MTL_FAST_MATH = YES;
				ONLY_ACTIVE_ARCH = YES;
				SDKROOT = iphoneos;
			};
			name = Debug;
		};
		752FCBB3244DA95E004DA87C /* Release */ = {
			isa = XCBuildConfiguration;
			buildSettings = {
				ALWAYS_SEARCH_USER_PATHS = NO;
				CLANG_ANALYZER_NONNULL = YES;
				CLANG_ANALYZER_NUMBER_OBJECT_CONVERSION = YES_AGGRESSIVE;
				CLANG_CXX_LANGUAGE_STANDARD = "gnu++14";
				CLANG_CXX_LIBRARY = "libc++";
				CLANG_ENABLE_MODULES = YES;
				CLANG_ENABLE_OBJC_ARC = YES;
				CLANG_ENABLE_OBJC_WEAK = YES;
				CLANG_WARN_BLOCK_CAPTURE_AUTORELEASING = YES;
				CLANG_WARN_BOOL_CONVERSION = YES;
				CLANG_WARN_COMMA = YES;
				CLANG_WARN_CONSTANT_CONVERSION = YES;
				CLANG_WARN_DEPRECATED_OBJC_IMPLEMENTATIONS = YES;
				CLANG_WARN_DIRECT_OBJC_ISA_USAGE = YES_ERROR;
				CLANG_WARN_DOCUMENTATION_COMMENTS = YES;
				CLANG_WARN_EMPTY_BODY = YES;
				CLANG_WARN_ENUM_CONVERSION = YES;
				CLANG_WARN_INFINITE_RECURSION = YES;
				CLANG_WARN_INT_CONVERSION = YES;
				CLANG_WARN_NON_LITERAL_NULL_CONVERSION = YES;
				CLANG_WARN_OBJC_IMPLICIT_RETAIN_SELF = YES;
				CLANG_WARN_OBJC_LITERAL_CONVERSION = YES;
				CLANG_WARN_OBJC_ROOT_CLASS = YES_ERROR;
				CLANG_WARN_RANGE_LOOP_ANALYSIS = YES;
				CLANG_WARN_STRICT_PROTOTYPES = YES;
				CLANG_WARN_SUSPICIOUS_MOVE = YES;
				CLANG_WARN_UNGUARDED_AVAILABILITY = YES_AGGRESSIVE;
				CLANG_WARN_UNREACHABLE_CODE = YES;
				CLANG_WARN__DUPLICATE_METHOD_MATCH = YES;
				COPY_PHASE_STRIP = NO;
				DEBUG_INFORMATION_FORMAT = "dwarf-with-dsym";
				ENABLE_NS_ASSERTIONS = NO;
				ENABLE_STRICT_OBJC_MSGSEND = YES;
				GCC_C_LANGUAGE_STANDARD = gnu11;
				GCC_NO_COMMON_BLOCKS = YES;
				GCC_WARN_64_TO_32_BIT_CONVERSION = YES;
				GCC_WARN_ABOUT_RETURN_TYPE = YES_ERROR;
				GCC_WARN_UNDECLARED_SELECTOR = YES;
				GCC_WARN_UNINITIALIZED_AUTOS = YES_AGGRESSIVE;
				GCC_WARN_UNUSED_FUNCTION = YES;
				GCC_WARN_UNUSED_VARIABLE = YES;
				IPHONEOS_DEPLOYMENT_TARGET = 13.4;
				MTL_ENABLE_DEBUG_INFO = NO;
				MTL_FAST_MATH = YES;
				SDKROOT = iphoneos;
				VALIDATE_PRODUCT = YES;
			};
			name = Release;
		};
		752FCBB5244DA95E004DA87C /* Debug */ = {
			isa = XCBuildConfiguration;
			buildSettings = {
				ASSETCATALOG_COMPILER_APPICON_NAME = AppIcon;
				CODE_SIGN_STYLE = Automatic;
				INFOPLIST_FILE = "StopWatch-Objective-C/Info.plist";
				LD_RUNPATH_SEARCH_PATHS = (
					"$(inherited)",
					"@executable_path/Frameworks",
				);
				PRODUCT_BUNDLE_IDENTIFIER = "com.gsm.StopWatch-Objective-C";
				PRODUCT_NAME = "$(TARGET_NAME)";
				TARGETED_DEVICE_FAMILY = "1,2";
			};
			name = Debug;
		};
		752FCBB6244DA95E004DA87C /* Release */ = {
			isa = XCBuildConfiguration;
			buildSettings = {
				ASSETCATALOG_COMPILER_APPICON_NAME = AppIcon;
				CODE_SIGN_STYLE = Automatic;
				INFOPLIST_FILE = "StopWatch-Objective-C/Info.plist";
				LD_RUNPATH_SEARCH_PATHS = (
					"$(inherited)",
					"@executable_path/Frameworks",
				);
				PRODUCT_BUNDLE_IDENTIFIER = "com.gsm.StopWatch-Objective-C";
				PRODUCT_NAME = "$(TARGET_NAME)";
				TARGETED_DEVICE_FAMILY = "1,2";
			};
			name = Release;
		};
		752FCBB8244DA95E004DA87C /* Debug */ = {
			isa = XCBuildConfiguration;
			buildSettings = {
				BUNDLE_LOADER = "$(TEST_HOST)";
				CODE_SIGN_STYLE = Automatic;
				INFOPLIST_FILE = "StopWatch-Objective-CTests/Info.plist";
				IPHONEOS_DEPLOYMENT_TARGET = 13.4;
				LD_RUNPATH_SEARCH_PATHS = (
					"$(inherited)",
					"@executable_path/Frameworks",
					"@loader_path/Frameworks",
				);
				PRODUCT_BUNDLE_IDENTIFIER = "com.gsm.StopWatch-Objective-CTests";
				PRODUCT_NAME = "$(TARGET_NAME)";
				TARGETED_DEVICE_FAMILY = "1,2";
				TEST_HOST = "$(BUILT_PRODUCTS_DIR)/StopWatch-Objective-C.app/StopWatch-Objective-C";
			};
			name = Debug;
		};
		752FCBB9244DA95E004DA87C /* Release */ = {
			isa = XCBuildConfiguration;
			buildSettings = {
				BUNDLE_LOADER = "$(TEST_HOST)";
				CODE_SIGN_STYLE = Automatic;
				INFOPLIST_FILE = "StopWatch-Objective-CTests/Info.plist";
				IPHONEOS_DEPLOYMENT_TARGET = 13.4;
				LD_RUNPATH_SEARCH_PATHS = (
					"$(inherited)",
					"@executable_path/Frameworks",
					"@loader_path/Frameworks",
				);
				PRODUCT_BUNDLE_IDENTIFIER = "com.gsm.StopWatch-Objective-CTests";
				PRODUCT_NAME = "$(TARGET_NAME)";
				TARGETED_DEVICE_FAMILY = "1,2";
				TEST_HOST = "$(BUILT_PRODUCTS_DIR)/StopWatch-Objective-C.app/StopWatch-Objective-C";
			};
			name = Release;
		};
/* End XCBuildConfiguration section */

/* Begin XCConfigurationList section */
		752FCB8B244DA95C004DA87C /* Build configuration list for PBXProject "StopWatch-Objective-C" */ = {
			isa = XCConfigurationList;
			buildConfigurations = (
				752FCBB2244DA95E004DA87C /* Debug */,
				752FCBB3244DA95E004DA87C /* Release */,
			);
			defaultConfigurationIsVisible = 0;
			defaultConfigurationName = Release;
		};
		752FCBB4244DA95E004DA87C /* Build configuration list for PBXNativeTarget "StopWatch-Objective-C" */ = {
			isa = XCConfigurationList;
			buildConfigurations = (
				752FCBB5244DA95E004DA87C /* Debug */,
				752FCBB6244DA95E004DA87C /* Release */,
			);
			defaultConfigurationIsVisible = 0;
			defaultConfigurationName = Release;
		};
		752FCBB7244DA95E004DA87C /* Build configuration list for PBXNativeTarget "StopWatch-Objective-CTests" */ = {
			isa = XCConfigurationList;
			buildConfigurations = (
				752FCBB8244DA95E004DA87C /* Debug */,
				752FCBB9244DA95E004DA87C /* Release */,
			);
			defaultConfigurationIsVisible = 0;
			defaultConfigurationName = Release;
		};
/* End XCConfigurationList section */
	};
	rootObject = 752FCB88244DA95C004DA87C /* Project object */;
}
